
Microsoft Visual Studio Solution File, Format Version 12.00
# Visual Studio 15
VisualStudioVersion = 15.0.27130.2027
MinimumVisualStudioVersion = 10.0.40219.1
Project("{FAE04EC0-301F-11D3-BF4B-00C04F79EFBC}") = "AguaSB", "AguaSB\AguaSB.csproj", "{53828CE8-93AC-4B38-A386-2751A63DB786}"
EndProject
Project("{FAE04EC0-301F-11D3-BF4B-00C04F79EFBC}") = "AguaSB.Individual.Pagos", "AguaSB.Individual.Pagos\AguaSB.Individual.Pagos.csproj", "{2A448046-64BC-4931-9B38-7247C680E2BE}"
EndProject
Project("{FAE04EC0-301F-11D3-BF4B-00C04F79EFBC}") = "AguaSB.Views", "AguaSB.Views\AguaSB.Views.csproj", "{FEF2C4F0-9231-4246-A231-25E8A8831240}"
EndProject
Project("{FAE04EC0-301F-11D3-BF4B-00C04F79EFBC}") = "AguaSB.Views.Estilos", "AguaSB.Views.Estilos\AguaSB.Views.Estilos.csproj", "{ACF0A419-99EA-43D4-99CA-A1A60488BF4C}"
EndProject
Project("{FAE04EC0-301F-11D3-BF4B-00C04F79EFBC}") = "AguaSB.Views.Controles", "AguaSB.Views.Controles\AguaSB.Views.Controles.csproj", "{CDE5D968-1CEB-43BD-9B4C-786130B6D948}"
EndProject
Project("{FAE04EC0-301F-11D3-BF4B-00C04F79EFBC}") = "AguaSB.Extensiones", "AguaSB.Extensiones\AguaSB.Extensiones.csproj", "{DE76DF8B-6473-4DA3-B5E0-2506C56C93AE}"
EndProject
Project("{FAE04EC0-301F-11D3-BF4B-00C04F79EFBC}") = "AguaSB.Extensiones.Views", "AguaSB.Extensiones.Views\AguaSB.Extensiones.Views.csproj", "{7427D46E-BCAB-4D2F-9BB2-0A5C25446480}"
EndProject
Project("{FAE04EC0-301F-11D3-BF4B-00C04F79EFBC}") = "AguaSB.Interfaz", "AguaSB.Interfaz\AguaSB.Interfaz.csproj", "{71B4F316-7BEC-458B-890B-15B981448157}"
EndProject
Project("{FAE04EC0-301F-11D3-BF4B-00C04F79EFBC}") = "AguaSB.Utilerias", "AguaSB.Utilerias\AguaSB.Utilerias.csproj", "{15982021-735F-440E-957C-A04EB8F3D17C}"
EndProject
Project("{FAE04EC0-301F-11D3-BF4B-00C04F79EFBC}") = "AguaSB.Configuracion", "AguaSB.Configuracion\AguaSB.Configuracion.csproj", "{140DE8CB-3E78-4E99-9AD4-FAF3B96B4542}"
EndProject
Project("{FAE04EC0-301F-11D3-BF4B-00C04F79EFBC}") = "AguaSB.Views.Conversores", "AguaSB.Views.Conversores\AguaSB.Views.Conversores.csproj", "{DD34BA73-BDC9-4989-9116-FBBC0DBCF3B2}"
EndProject
Project("{FAE04EC0-301F-11D3-BF4B-00C04F79EFBC}") = "AguaSB.Views.Conversores.Tests", "AguaSB.Views.Conversores.Tests\AguaSB.Views.Conversores.Tests.csproj", "{4DB0BE37-8930-4005-9E10-971E41BE7BAA}"
EndProject
Project("{FAE04EC0-301F-11D3-BF4B-00C04F79EFBC}") = "AguaSB.Views.Utilerias", "AguaSB.Views.Utilerias\AguaSB.Views.Utilerias.csproj", "{DC115CE2-1EE9-4B44-816E-5F59E76EAB05}"
EndProject
Project("{FAE04EC0-301F-11D3-BF4B-00C04F79EFBC}") = "AguaSB.Views.Compartido", "AguaSB.Views.Compartido\AguaSB.Views.Compartido.csproj", "{F1AD8C44-D5F4-41EB-994F-997F2E119636}"
EndProject
Project("{FAE04EC0-301F-11D3-BF4B-00C04F79EFBC}") = "AguaSB.ViewModels.Compartido", "AguaSB.ViewModels.Compartido\AguaSB.ViewModels.Compartido.csproj", "{667F8966-D527-4110-ADB6-EFD284869F99}"
EndProject
Global
	GlobalSection(SolutionConfigurationPlatforms) = preSolution
		Debug|Any CPU = Debug|Any CPU
		Release|Any CPU = Release|Any CPU
	EndGlobalSection
	GlobalSection(ProjectConfigurationPlatforms) = postSolution
		{53828CE8-93AC-4B38-A386-2751A63DB786}.Debug|Any CPU.ActiveCfg = Debug|Any CPU
		{53828CE8-93AC-4B38-A386-2751A63DB786}.Debug|Any CPU.Build.0 = Debug|Any CPU
		{53828CE8-93AC-4B38-A386-2751A63DB786}.Release|Any CPU.ActiveCfg = Release|Any CPU
		{53828CE8-93AC-4B38-A386-2751A63DB786}.Release|Any CPU.Build.0 = Release|Any CPU
		{2A448046-64BC-4931-9B38-7247C680E2BE}.Debug|Any CPU.ActiveCfg = Debug|Any CPU
		{2A448046-64BC-4931-9B38-7247C680E2BE}.Debug|Any CPU.Build.0 = Debug|Any CPU
		{2A448046-64BC-4931-9B38-7247C680E2BE}.Release|Any CPU.ActiveCfg = Release|Any CPU
		{2A448046-64BC-4931-9B38-7247C680E2BE}.Release|Any CPU.Build.0 = Release|Any CPU
		{FEF2C4F0-9231-4246-A231-25E8A8831240}.Debug|Any CPU.ActiveCfg = Debug|Any CPU
		{FEF2C4F0-9231-4246-A231-25E8A8831240}.Debug|Any CPU.Build.0 = Debug|Any CPU
		{FEF2C4F0-9231-4246-A231-25E8A8831240}.Release|Any CPU.ActiveCfg = Release|Any CPU
		{FEF2C4F0-9231-4246-A231-25E8A8831240}.Release|Any CPU.Build.0 = Release|Any CPU
		{ACF0A419-99EA-43D4-99CA-A1A60488BF4C}.Debug|Any CPU.ActiveCfg = Debug|Any CPU
		{ACF0A419-99EA-43D4-99CA-A1A60488BF4C}.Debug|Any CPU.Build.0 = Debug|Any CPU
		{ACF0A419-99EA-43D4-99CA-A1A60488BF4C}.Release|Any CPU.ActiveCfg = Release|Any CPU
		{ACF0A419-99EA-43D4-99CA-A1A60488BF4C}.Release|Any CPU.Build.0 = Release|Any CPU
		{CDE5D968-1CEB-43BD-9B4C-786130B6D948}.Debug|Any CPU.ActiveCfg = Debug|Any CPU
		{CDE5D968-1CEB-43BD-9B4C-786130B6D948}.Debug|Any CPU.Build.0 = Debug|Any CPU
		{CDE5D968-1CEB-43BD-9B4C-786130B6D948}.Release|Any CPU.ActiveCfg = Release|Any CPU
		{CDE5D968-1CEB-43BD-9B4C-786130B6D948}.Release|Any CPU.Build.0 = Release|Any CPU
		{DE76DF8B-6473-4DA3-B5E0-2506C56C93AE}.Debug|Any CPU.ActiveCfg = Debug|Any CPU
		{DE76DF8B-6473-4DA3-B5E0-2506C56C93AE}.Debug|Any CPU.Build.0 = Debug|Any CPU
		{DE76DF8B-6473-4DA3-B5E0-2506C56C93AE}.Release|Any CPU.ActiveCfg = Release|Any CPU
		{DE76DF8B-6473-4DA3-B5E0-2506C56C93AE}.Release|Any CPU.Build.0 = Release|Any CPU
		{7427D46E-BCAB-4D2F-9BB2-0A5C25446480}.Debug|Any CPU.ActiveCfg = Debug|Any CPU
		{7427D46E-BCAB-4D2F-9BB2-0A5C25446480}.Debug|Any CPU.Build.0 = Debug|Any CPU
		{7427D46E-BCAB-4D2F-9BB2-0A5C25446480}.Release|Any CPU.ActiveCfg = Release|Any CPU
		{7427D46E-BCAB-4D2F-9BB2-0A5C25446480}.Release|Any CPU.Build.0 = Release|Any CPU
		{71B4F316-7BEC-458B-890B-15B981448157}.Debug|Any CPU.ActiveCfg = Debug|Any CPU
		{71B4F316-7BEC-458B-890B-15B981448157}.Debug|Any CPU.Build.0 = Debug|Any CPU
		{71B4F316-7BEC-458B-890B-15B981448157}.Release|Any CPU.ActiveCfg = Release|Any CPU
		{71B4F316-7BEC-458B-890B-15B981448157}.Release|Any CPU.Build.0 = Release|Any CPU
		{15982021-735F-440E-957C-A04EB8F3D17C}.Debug|Any CPU.ActiveCfg = Debug|Any CPU
		{15982021-735F-440E-957C-A04EB8F3D17C}.Debug|Any CPU.Build.0 = Debug|Any CPU
		{15982021-735F-440E-957C-A04EB8F3D17C}.Release|Any CPU.ActiveCfg = Release|Any CPU
		{15982021-735F-440E-957C-A04EB8F3D17C}.Release|Any CPU.Build.0 = Release|Any CPU
		{140DE8CB-3E78-4E99-9AD4-FAF3B96B4542}.Debug|Any CPU.ActiveCfg = Debug|Any CPU
		{140DE8CB-3E78-4E99-9AD4-FAF3B96B4542}.Debug|Any CPU.Build.0 = Debug|Any CPU
		{140DE8CB-3E78-4E99-9AD4-FAF3B96B4542}.Release|Any CPU.ActiveCfg = Release|Any CPU
		{140DE8CB-3E78-4E99-9AD4-FAF3B96B4542}.Release|Any CPU.Build.0 = Release|Any CPU
		{DD34BA73-BDC9-4989-9116-FBBC0DBCF3B2}.Debug|Any CPU.ActiveCfg = Debug|Any CPU
		{DD34BA73-BDC9-4989-9116-FBBC0DBCF3B2}.Debug|Any CPU.Build.0 = Debug|Any CPU
		{DD34BA73-BDC9-4989-9116-FBBC0DBCF3B2}.Release|Any CPU.ActiveCfg = Release|Any CPU
		{DD34BA73-BDC9-4989-9116-FBBC0DBCF3B2}.Release|Any CPU.Build.0 = Release|Any CPU
		{4DB0BE37-8930-4005-9E10-971E41BE7BAA}.Debug|Any CPU.ActiveCfg = Debug|Any CPU
		{4DB0BE37-8930-4005-9E10-971E41BE7BAA}.Debug|Any CPU.Build.0 = Debug|Any CPU
		{4DB0BE37-8930-4005-9E10-971E41BE7BAA}.Release|Any CPU.ActiveCfg = Release|Any CPU
		{4DB0BE37-8930-4005-9E10-971E41BE7BAA}.Release|Any CPU.Build.0 = Release|Any CPU
		{DC115CE2-1EE9-4B44-816E-5F59E76EAB05}.Debug|Any CPU.ActiveCfg = Debug|Any CPU
		{DC115CE2-1EE9-4B44-816E-5F59E76EAB05}.Debug|Any CPU.Build.0 = Debug|Any CPU
		{DC115CE2-1EE9-4B44-816E-5F59E76EAB05}.Release|Any CPU.ActiveCfg = Release|Any CPU
		{DC115CE2-1EE9-4B44-816E-5F59E76EAB05}.Release|Any CPU.Build.0 = Release|Any CPU
		{F1AD8C44-D5F4-41EB-994F-997F2E119636}.Debug|Any CPU.ActiveCfg = Debug|Any CPU
		{F1AD8C44-D5F4-41EB-994F-997F2E119636}.Debug|Any CPU.Build.0 = Debug|Any CPU
		{F1AD8C44-D5F4-41EB-994F-997F2E119636}.Release|Any CPU.ActiveCfg = Release|Any CPU
		{F1AD8C44-D5F4-41EB-994F-997F2E119636}.Release|Any CPU.Build.0 = Release|Any CPU
		{667F8966-D527-4110-ADB6-EFD284869F99}.Debug|Any CPU.ActiveCfg = Debug|Any CPU
		{667F8966-D527-4110-ADB6-EFD284869F99}.Debug|Any CPU.Build.0 = Debug|Any CPU
		{667F8966-D527-4110-ADB6-EFD284869F99}.Release|Any CPU.ActiveCfg = Release|Any CPU
		{667F8966-D527-4110-ADB6-EFD284869F99}.Release|Any CPU.Build.0 = Release|Any CPU
	EndGlobalSection
	GlobalSection(SolutionProperties) = preSolution
		HideSolutionNode = FALSE
	EndGlobalSection
	GlobalSection(ExtensibilityGlobals) = postSolution
		SolutionGuid = {5F9B3967-A03C-46A1-8AFF-FC96B53C39BC}
	EndGlobalSection
EndGlobal
